
Microsoft Visual Studio Solution File, Format Version 12.00
# Visual Studio 15
VisualStudioVersion = 15.0.28307.1500
MinimumVisualStudioVersion = 10.0.40219.1
Project("{FAE04EC0-301F-11D3-BF4B-00C04F79EFBC}") = "EXERCICIOS_PROPOSTOS_VETOR_9", "EXERCICIOS_PROPOSTOS_VETOR_9\EXERCICIOS_PROPOSTOS_VETOR_9.csproj", "{50717D65-CDFC-4220-A9F1-356F6024FD8E}"
EndProject
Global
	GlobalSection(SolutionConfigurationPlatforms) = preSolution
		Debug|Any CPU = Debug|Any CPU
		Release|Any CPU = Release|Any CPU
	EndGlobalSection
	GlobalSection(ProjectConfigurationPlatforms) = postSolution
		{50717D65-CDFC-4220-A9F1-356F6024FD8E}.Debug|Any CPU.ActiveCfg = Debug|Any CPU
		{50717D65-CDFC-4220-A9F1-356F6024FD8E}.Debug|Any CPU.Build.0 = Debug|Any CPU
		{50717D65-CDFC-4220-A9F1-356F6024FD8E}.Release|Any CPU.ActiveCfg = Release|Any CPU
		{50717D65-CDFC-4220-A9F1-356F6024FD8E}.Release|Any CPU.Build.0 = Release|Any CPU
	EndGlobalSection
	GlobalSection(SolutionProperties) = preSolution
		HideSolutionNode = FALSE
	EndGlobalSection
	GlobalSection(ExtensibilityGlobals) = postSolution
		SolutionGuid = {EBB7D6BC-7B0D-4927-B7ED-A7204CF8F5D3}
	EndGlobalSection
EndGlobal
